
Microsoft Visual Studio Solution File, Format Version 12.00
# Visual Studio Version 17
VisualStudioVersion = 17.3.32819.101
MinimumVisualStudioVersion = 10.0.40219.1
Project("{8BC9CEB8-8B4A-11D0-8D11-00A0C91BC942}") = "Forehead", "ForeHead\ForeHead.vcxproj", "{51FFA23B-FBCB-4228-A612-941235B5AAF1}"
EndProject
Project("{8BC9CEB8-8B4A-11D0-8D11-00A0C91BC942}") = "Irene", "Irene\Irene.vcxproj", "{B62BF073-279E-40F1-801E-D1EBB49EEF62}"
EndProject
Global
	GlobalSection(SolutionConfigurationPlatforms) = preSolution
		Debug|x64 = Debug|x64
		Release|x64 = Release|x64
	EndGlobalSection
	GlobalSection(ProjectConfigurationPlatforms) = postSolution
		{B62BF073-279E-40F1-801E-D1EBB49EEF62}.Debug|x64.ActiveCfg = Debug|x64
		{B62BF073-279E-40F1-801E-D1EBB49EEF62}.Debug|x64.Build.0 = Debug|x64
		{B62BF073-279E-40F1-801E-D1EBB49EEF62}.Release|x64.ActiveCfg = Release|x64
		{B62BF073-279E-40F1-801E-D1EBB49EEF62}.Release|x64.Build.0 = Release|x64
		{51FFA23B-FBCB-4228-A612-941235B5AAF1}.Debug|x64.ActiveCfg = Debug|x64
		{51FFA23B-FBCB-4228-A612-941235B5AAF1}.Debug|x64.Build.0 = Debug|x64
		{51FFA23B-FBCB-4228-A612-941235B5AAF1}.Release|x64.ActiveCfg = Release|x64
		{51FFA23B-FBCB-4228-A612-941235B5AAF1}.Release|x64.Build.0 = Release|x64
	EndGlobalSection
	GlobalSection(SolutionProperties) = preSolution
		HideSolutionNode = FALSE
	EndGlobalSection
	GlobalSection(ExtensibilityGlobals) = postSolution
		SolutionGuid = {202BE21C-A38F-4A0A-BA40-06599FE67FC7}
	EndGlobalSection
EndGlobal
